
Microsoft Visual Studio Solution File, Format Version 12.00
# Visual Studio 2013
VisualStudioVersion = 12.0.31101.0
MinimumVisualStudioVersion = 10.0.40219.1
Project("{2150E333-8FDC-42A3-9474-1A3956D46DE8}") = "Server", "Server", "{259D7348-B551-41F9-B93C-7E2995DCCCE3}"
EndProject
Project("{2150E333-8FDC-42A3-9474-1A3956D46DE8}") = "Hosts", "Hosts", "{B5395204-F702-464C-91E9-BD25C480E9CE}"
EndProject
Project("{FAE04EC0-301F-11D3-BF4B-00C04F79EFBC}") = "Xemio.Logse.Server", "Server\Xemio.Logse.Server\Xemio.Logse.Server.csproj", "{C1B2436D-A7F3-409B-87CA-7BD34AC7850C}"
EndProject
Global
	GlobalSection(SolutionConfigurationPlatforms) = preSolution
		Debug|Any CPU = Debug|Any CPU
		Release|Any CPU = Release|Any CPU
	EndGlobalSection
	GlobalSection(ProjectConfigurationPlatforms) = postSolution
		{C1B2436D-A7F3-409B-87CA-7BD34AC7850C}.Debug|Any CPU.ActiveCfg = Debug|Any CPU
		{C1B2436D-A7F3-409B-87CA-7BD34AC7850C}.Debug|Any CPU.Build.0 = Debug|Any CPU
		{C1B2436D-A7F3-409B-87CA-7BD34AC7850C}.Release|Any CPU.ActiveCfg = Release|Any CPU
		{C1B2436D-A7F3-409B-87CA-7BD34AC7850C}.Release|Any CPU.Build.0 = Release|Any CPU
	EndGlobalSection
	GlobalSection(SolutionProperties) = preSolution
		HideSolutionNode = FALSE
	EndGlobalSection
	GlobalSection(NestedProjects) = preSolution
		{C1B2436D-A7F3-409B-87CA-7BD34AC7850C} = {259D7348-B551-41F9-B93C-7E2995DCCCE3}
	EndGlobalSection
EndGlobal
